
Microsoft Visual Studio Solution File, Format Version 12.00
# Visual Studio Version 17
VisualStudioVersion = 17.9.34622.214
MinimumVisualStudioVersion = 10.0.40219.1
Project("{9A19103F-16F7-4668-BE54-9A1E7A4F7556}") = "Interns.Chats.App", "Interns.Chats.App\Interns.Chats.App.csproj", "{B037EDCD-F2C6-43D0-AC35-6AF84036B53B}"
EndProject
Project("{FAE04EC0-301F-11D3-BF4B-00C04F79EFBC}") = "Interns.Chats.Domain", "Interns.Chats.Domain\Interns.Chats.Domain.csproj", "{385CA5A1-715F-4EC3-A0B4-8B7F5BE76787}"
EndProject
Project("{FAE04EC0-301F-11D3-BF4B-00C04F79EFBC}") = "Interns.Chats.Persistence", "Interns.Chats.Persistence\Interns.Chats.Persistence.csproj", "{74882549-F7FD-439D-9F86-748B41F95DDB}"
EndProject
Project("{2150E333-8FDC-42A3-9474-1A3956D46DE8}") = "Lib", "Lib", "{07C8C2FF-F695-4ED4-B262-C371B050F66C}"
EndProject
Project("{9A19103F-16F7-4668-BE54-9A1E7A4F7556}") = "Interns.Auth", "..\NETLib\Interns.Auth\Interns.Auth.csproj", "{C4B31C85-9BDA-4300-91FD-F01AC7B16D30}"
EndProject
Global
	GlobalSection(SolutionConfigurationPlatforms) = preSolution
		Debug|Any CPU = Debug|Any CPU
		Release|Any CPU = Release|Any CPU
	EndGlobalSection
	GlobalSection(ProjectConfigurationPlatforms) = postSolution
		{B037EDCD-F2C6-43D0-AC35-6AF84036B53B}.Debug|Any CPU.ActiveCfg = Debug|Any CPU
		{B037EDCD-F2C6-43D0-AC35-6AF84036B53B}.Debug|Any CPU.Build.0 = Debug|Any CPU
		{B037EDCD-F2C6-43D0-AC35-6AF84036B53B}.Release|Any CPU.ActiveCfg = Release|Any CPU
		{B037EDCD-F2C6-43D0-AC35-6AF84036B53B}.Release|Any CPU.Build.0 = Release|Any CPU
		{385CA5A1-715F-4EC3-A0B4-8B7F5BE76787}.Debug|Any CPU.ActiveCfg = Debug|Any CPU
		{385CA5A1-715F-4EC3-A0B4-8B7F5BE76787}.Debug|Any CPU.Build.0 = Debug|Any CPU
		{385CA5A1-715F-4EC3-A0B4-8B7F5BE76787}.Release|Any CPU.ActiveCfg = Release|Any CPU
		{385CA5A1-715F-4EC3-A0B4-8B7F5BE76787}.Release|Any CPU.Build.0 = Release|Any CPU
		{74882549-F7FD-439D-9F86-748B41F95DDB}.Debug|Any CPU.ActiveCfg = Debug|Any CPU
		{74882549-F7FD-439D-9F86-748B41F95DDB}.Debug|Any CPU.Build.0 = Debug|Any CPU
		{74882549-F7FD-439D-9F86-748B41F95DDB}.Release|Any CPU.ActiveCfg = Release|Any CPU
		{74882549-F7FD-439D-9F86-748B41F95DDB}.Release|Any CPU.Build.0 = Release|Any CPU
		{C4B31C85-9BDA-4300-91FD-F01AC7B16D30}.Debug|Any CPU.ActiveCfg = Debug|Any CPU
		{C4B31C85-9BDA-4300-91FD-F01AC7B16D30}.Debug|Any CPU.Build.0 = Debug|Any CPU
		{C4B31C85-9BDA-4300-91FD-F01AC7B16D30}.Release|Any CPU.ActiveCfg = Release|Any CPU
		{C4B31C85-9BDA-4300-91FD-F01AC7B16D30}.Release|Any CPU.Build.0 = Release|Any CPU
	EndGlobalSection
	GlobalSection(SolutionProperties) = preSolution
		HideSolutionNode = FALSE
	EndGlobalSection
	GlobalSection(NestedProjects) = preSolution
		{C4B31C85-9BDA-4300-91FD-F01AC7B16D30} = {07C8C2FF-F695-4ED4-B262-C371B050F66C}
	EndGlobalSection
	GlobalSection(ExtensibilityGlobals) = postSolution
		SolutionGuid = {F0F7D1DF-5031-4E1E-ADDE-ED01EEAB0513}
	EndGlobalSection
EndGlobal
