
Microsoft Visual Studio Solution File, Format Version 12.00
# Visual Studio Version 17
VisualStudioVersion = 17.8.34309.116
MinimumVisualStudioVersion = 10.0.40219.1
Project("{FAE04EC0-301F-11D3-BF4B-00C04F79EFBC}") = "Interns.Auth", "Interns.Auth\Interns.Auth.csproj", "{1ED935D7-5C99-4AAC-B26F-53C6B231021C}"
EndProject
Global
	GlobalSection(SolutionConfigurationPlatforms) = preSolution
		Debug|Any CPU = Debug|Any CPU
		Release|Any CPU = Release|Any CPU
	EndGlobalSection
	GlobalSection(ProjectConfigurationPlatforms) = postSolution
		{1ED935D7-5C99-4AAC-B26F-53C6B231021C}.Debug|Any CPU.ActiveCfg = Debug|Any CPU
		{1ED935D7-5C99-4AAC-B26F-53C6B231021C}.Debug|Any CPU.Build.0 = Debug|Any CPU
		{1ED935D7-5C99-4AAC-B26F-53C6B231021C}.Release|Any CPU.ActiveCfg = Release|Any CPU
		{1ED935D7-5C99-4AAC-B26F-53C6B231021C}.Release|Any CPU.Build.0 = Release|Any CPU
	EndGlobalSection
	GlobalSection(SolutionProperties) = preSolution
		HideSolutionNode = FALSE
	EndGlobalSection
	GlobalSection(ExtensibilityGlobals) = postSolution
		SolutionGuid = {919FC02C-E2A1-4EFD-8F8C-8DCB9F329BBB}
	EndGlobalSection
EndGlobal
